
Microsoft Visual Studio Solution File, Format Version 12.00
# Visual Studio Version 17
VisualStudioVersion = 17.4.33103.184
MinimumVisualStudioVersion = 10.0.40219.1
Project("{FAE04EC0-301F-11D3-BF4B-00C04F79EFBC}") = "Salik Bug Tracker API", "Salik Bug Tracker API\Salik Bug Tracker API.csproj", "{5D874765-E97F-4521-B971-D2B9373E143F}"
EndProject
Global
	GlobalSection(SolutionConfigurationPlatforms) = preSolution
		Debug|Any CPU = Debug|Any CPU
		Release|Any CPU = Release|Any CPU
	EndGlobalSection
	GlobalSection(ProjectConfigurationPlatforms) = postSolution
		{5D874765-E97F-4521-B971-D2B9373E143F}.Debug|Any CPU.ActiveCfg = Debug|Any CPU
		{5D874765-E97F-4521-B971-D2B9373E143F}.Debug|Any CPU.Build.0 = Debug|Any CPU
		{5D874765-E97F-4521-B971-D2B9373E143F}.Release|Any CPU.ActiveCfg = Release|Any CPU
		{5D874765-E97F-4521-B971-D2B9373E143F}.Release|Any CPU.Build.0 = Release|Any CPU
	EndGlobalSection
	GlobalSection(SolutionProperties) = preSolution
		HideSolutionNode = FALSE
	EndGlobalSection
	GlobalSection(ExtensibilityGlobals) = postSolution
		SolutionGuid = {B9AD790B-014A-4E94-ACF4-FB50D9CB57C7}
	EndGlobalSection
EndGlobal
